
Microsoft Visual Studio Solution File, Format Version 12.00
# Visual Studio Version 16
VisualStudioVersion = 16.0.29503.13
MinimumVisualStudioVersion = 10.0.40219.1
Project("{9A19103F-16F7-4668-BE54-9A1E7A4F7556}") = "idetector", "idetector\idetector.csproj", "{3D9315A1-29A2-472B-8892-3828589CA416}"
EndProject
Project("{9A19103F-16F7-4668-BE54-9A1E7A4F7556}") = "xUnitTest", "xUnitTest\xUnitTest.csproj", "{80BEF292-05A0-4CC8-9539-6DECA2407CCB}"
EndProject
Project("{FAE04EC0-301F-11D3-BF4B-00C04F79EFBC}") = "vs-plugin", "vs-plugin\vs-plugin.csproj", "{D353B15D-1022-4565-8D89-1FD12D3DC77F}"
	ProjectSection(ProjectDependencies) = postProject
		{3D9315A1-29A2-472B-8892-3828589CA416} = {3D9315A1-29A2-472B-8892-3828589CA416}
	EndProjectSection
EndProject
Global
	GlobalSection(SolutionConfigurationPlatforms) = preSolution
		Debug|Any CPU = Debug|Any CPU
		Release|Any CPU = Release|Any CPU
	EndGlobalSection
	GlobalSection(ProjectConfigurationPlatforms) = postSolution
		{3D9315A1-29A2-472B-8892-3828589CA416}.Debug|Any CPU.ActiveCfg = Debug|Any CPU
		{3D9315A1-29A2-472B-8892-3828589CA416}.Debug|Any CPU.Build.0 = Debug|Any CPU
		{3D9315A1-29A2-472B-8892-3828589CA416}.Release|Any CPU.ActiveCfg = Release|Any CPU
		{3D9315A1-29A2-472B-8892-3828589CA416}.Release|Any CPU.Build.0 = Release|Any CPU
		{80BEF292-05A0-4CC8-9539-6DECA2407CCB}.Debug|Any CPU.ActiveCfg = Debug|Any CPU
		{80BEF292-05A0-4CC8-9539-6DECA2407CCB}.Debug|Any CPU.Build.0 = Debug|Any CPU
		{80BEF292-05A0-4CC8-9539-6DECA2407CCB}.Release|Any CPU.ActiveCfg = Release|Any CPU
		{80BEF292-05A0-4CC8-9539-6DECA2407CCB}.Release|Any CPU.Build.0 = Release|Any CPU
		{D353B15D-1022-4565-8D89-1FD12D3DC77F}.Debug|Any CPU.ActiveCfg = Debug|Any CPU
		{D353B15D-1022-4565-8D89-1FD12D3DC77F}.Debug|Any CPU.Build.0 = Debug|Any CPU
		{D353B15D-1022-4565-8D89-1FD12D3DC77F}.Release|Any CPU.ActiveCfg = Release|Any CPU
		{D353B15D-1022-4565-8D89-1FD12D3DC77F}.Release|Any CPU.Build.0 = Release|Any CPU
	EndGlobalSection
	GlobalSection(SolutionProperties) = preSolution
		HideSolutionNode = FALSE
	EndGlobalSection
	GlobalSection(ExtensibilityGlobals) = postSolution
		SolutionGuid = {F17F29A4-5C0B-487F-A509-B3B33AF7FA0E}
	EndGlobalSection
EndGlobal
